
Microsoft Visual Studio Solution File, Format Version 12.00
# Visual Studio Version 16
VisualStudioVersion = 16.0.29123.88
MinimumVisualStudioVersion = 10.0.40219.1
Project("{FAE04EC0-301F-11D3-BF4B-00C04F79EFBC}") = "MvcDay-33", "MvcDay-33\MvcDay-33.csproj", "{878A3BD3-A5BD-4D49-BD49-6557A4F57B0C}"
EndProject
Global
	GlobalSection(SolutionConfigurationPlatforms) = preSolution
		Debug|Any CPU = Debug|Any CPU
		Release|Any CPU = Release|Any CPU
	EndGlobalSection
	GlobalSection(ProjectConfigurationPlatforms) = postSolution
		{878A3BD3-A5BD-4D49-BD49-6557A4F57B0C}.Debug|Any CPU.ActiveCfg = Debug|Any CPU
		{878A3BD3-A5BD-4D49-BD49-6557A4F57B0C}.Debug|Any CPU.Build.0 = Debug|Any CPU
		{878A3BD3-A5BD-4D49-BD49-6557A4F57B0C}.Release|Any CPU.ActiveCfg = Release|Any CPU
		{878A3BD3-A5BD-4D49-BD49-6557A4F57B0C}.Release|Any CPU.Build.0 = Release|Any CPU
	EndGlobalSection
	GlobalSection(SolutionProperties) = preSolution
		HideSolutionNode = FALSE
	EndGlobalSection
	GlobalSection(ExtensibilityGlobals) = postSolution
		SolutionGuid = {B6CC38A7-C4AB-4668-8626-A720D59E841C}
	EndGlobalSection
EndGlobal
